
Microsoft Visual Studio Solution File, Format Version 12.00
# Visual Studio Version 17
VisualStudioVersion = 17.10.35027.167
MinimumVisualStudioVersion = 10.0.40219.1
Project("{FAE04EC0-301F-11D3-BF4B-00C04F79EFBC}") = "24C1INF50900503_31231022205_KieuTram", "24C1INF50900503_31231022205_KieuTram\24C1INF50900503_31231022205_KieuTram.csproj", "{31E735A3-5F72-49E2-98E7-BA9C0F858DC3}"
EndProject
Global
	GlobalSection(SolutionConfigurationPlatforms) = preSolution
		Debug|Any CPU = Debug|Any CPU
		Release|Any CPU = Release|Any CPU
	EndGlobalSection
	GlobalSection(ProjectConfigurationPlatforms) = postSolution
		{31E735A3-5F72-49E2-98E7-BA9C0F858DC3}.Debug|Any CPU.ActiveCfg = Debug|Any CPU
		{31E735A3-5F72-49E2-98E7-BA9C0F858DC3}.Debug|Any CPU.Build.0 = Debug|Any CPU
		{31E735A3-5F72-49E2-98E7-BA9C0F858DC3}.Release|Any CPU.ActiveCfg = Release|Any CPU
		{31E735A3-5F72-49E2-98E7-BA9C0F858DC3}.Release|Any CPU.Build.0 = Release|Any CPU
	EndGlobalSection
	GlobalSection(SolutionProperties) = preSolution
		HideSolutionNode = FALSE
	EndGlobalSection
	GlobalSection(ExtensibilityGlobals) = postSolution
		SolutionGuid = {CD9887CB-C7BF-4082-907B-855804C15578}
	EndGlobalSection
EndGlobal
